
Microsoft Visual Studio Solution File, Format Version 12.00
# Visual Studio 15
VisualStudioVersion = 15.0.26730.3
MinimumVisualStudioVersion = 10.0.40219.1
Project("{FAE04EC0-301F-11D3-BF4B-00C04F79EFBC}") = "ProjectCheckIn-Beta", "ProjectCheckIn-Beta\ProjectCheckIn-Beta.csproj", "{F94D799F-37A1-42DF-A4A7-6564FB70B4F6}"
EndProject
Global
	GlobalSection(SolutionConfigurationPlatforms) = preSolution
		Debug|Any CPU = Debug|Any CPU
		Release|Any CPU = Release|Any CPU
	EndGlobalSection
	GlobalSection(ProjectConfigurationPlatforms) = postSolution
		{F94D799F-37A1-42DF-A4A7-6564FB70B4F6}.Debug|Any CPU.ActiveCfg = Debug|Any CPU
		{F94D799F-37A1-42DF-A4A7-6564FB70B4F6}.Debug|Any CPU.Build.0 = Debug|Any CPU
		{F94D799F-37A1-42DF-A4A7-6564FB70B4F6}.Release|Any CPU.ActiveCfg = Release|Any CPU
		{F94D799F-37A1-42DF-A4A7-6564FB70B4F6}.Release|Any CPU.Build.0 = Release|Any CPU
	EndGlobalSection
	GlobalSection(SolutionProperties) = preSolution
		HideSolutionNode = FALSE
	EndGlobalSection
	GlobalSection(ExtensibilityGlobals) = postSolution
		SolutionGuid = {AA1B9654-F704-40BC-8B4D-1C3E1E4EE059}
	EndGlobalSection
EndGlobal
